
Microsoft Visual Studio Solution File, Format Version 12.00
# Visual Studio Version 17
VisualStudioVersion = 17.0.32112.339
MinimumVisualStudioVersion = 10.0.40219.1
Project("{FAE04EC0-301F-11D3-BF4B-00C04F79EFBC}") = "SegundoExamen", "SegundoExamen\SegundoExamen.csproj", "{62808655-E78B-446D-970F-B7821C3DC6EA}"
EndProject
Project("{FAE04EC0-301F-11D3-BF4B-00C04F79EFBC}") = "Datos", "Datos\Datos.csproj", "{C1063FD6-49A3-40C9-B5AA-6528C5A90117}"
EndProject
Global
	GlobalSection(SolutionConfigurationPlatforms) = preSolution
		Debug|Any CPU = Debug|Any CPU
		Release|Any CPU = Release|Any CPU
	EndGlobalSection
	GlobalSection(ProjectConfigurationPlatforms) = postSolution
		{62808655-E78B-446D-970F-B7821C3DC6EA}.Debug|Any CPU.ActiveCfg = Debug|Any CPU
		{62808655-E78B-446D-970F-B7821C3DC6EA}.Debug|Any CPU.Build.0 = Debug|Any CPU
		{62808655-E78B-446D-970F-B7821C3DC6EA}.Release|Any CPU.ActiveCfg = Release|Any CPU
		{62808655-E78B-446D-970F-B7821C3DC6EA}.Release|Any CPU.Build.0 = Release|Any CPU
		{C1063FD6-49A3-40C9-B5AA-6528C5A90117}.Debug|Any CPU.ActiveCfg = Debug|Any CPU
		{C1063FD6-49A3-40C9-B5AA-6528C5A90117}.Debug|Any CPU.Build.0 = Debug|Any CPU
		{C1063FD6-49A3-40C9-B5AA-6528C5A90117}.Release|Any CPU.ActiveCfg = Release|Any CPU
		{C1063FD6-49A3-40C9-B5AA-6528C5A90117}.Release|Any CPU.Build.0 = Release|Any CPU
	EndGlobalSection
	GlobalSection(SolutionProperties) = preSolution
		HideSolutionNode = FALSE
	EndGlobalSection
	GlobalSection(ExtensibilityGlobals) = postSolution
		SolutionGuid = {41974858-5A9C-4247-A9B7-EDFD426DDD53}
	EndGlobalSection
EndGlobal
